
Microsoft Visual Studio Solution File, Format Version 12.00
# Visual Studio Version 16
VisualStudioVersion = 16.0.28803.202
MinimumVisualStudioVersion = 10.0.40219.1
Project("{FAE04EC0-301F-11D3-BF4B-00C04F79EFBC}") = "ProyectoInstagram", "ProyectoInstagram\ProyectoInstagram.csproj", "{A422B5BC-8BEB-4305-8897-1041FE016358}"
EndProject
Project("{9A19103F-16F7-4668-BE54-9A1E7A4F7556}") = "EstructuraDeDatos", "EstructuraDeDatos\EstructuraDeDatos\EstructuraDeDatos.csproj", "{2EE3DF36-3A4F-44CE-9090-94D20812911B}"
EndProject
Global
	GlobalSection(SolutionConfigurationPlatforms) = preSolution
		Debug|Any CPU = Debug|Any CPU
		Release|Any CPU = Release|Any CPU
	EndGlobalSection
	GlobalSection(ProjectConfigurationPlatforms) = postSolution
		{A422B5BC-8BEB-4305-8897-1041FE016358}.Debug|Any CPU.ActiveCfg = Debug|Any CPU
		{A422B5BC-8BEB-4305-8897-1041FE016358}.Debug|Any CPU.Build.0 = Debug|Any CPU
		{A422B5BC-8BEB-4305-8897-1041FE016358}.Release|Any CPU.ActiveCfg = Release|Any CPU
		{A422B5BC-8BEB-4305-8897-1041FE016358}.Release|Any CPU.Build.0 = Release|Any CPU
		{2EE3DF36-3A4F-44CE-9090-94D20812911B}.Debug|Any CPU.ActiveCfg = Debug|Any CPU
		{2EE3DF36-3A4F-44CE-9090-94D20812911B}.Debug|Any CPU.Build.0 = Debug|Any CPU
		{2EE3DF36-3A4F-44CE-9090-94D20812911B}.Release|Any CPU.ActiveCfg = Release|Any CPU
		{2EE3DF36-3A4F-44CE-9090-94D20812911B}.Release|Any CPU.Build.0 = Release|Any CPU
	EndGlobalSection
	GlobalSection(SolutionProperties) = preSolution
		HideSolutionNode = FALSE
	EndGlobalSection
	GlobalSection(ExtensibilityGlobals) = postSolution
		SolutionGuid = {60435B6A-0DDD-4921-BA31-2CD9E49ED5A0}
	EndGlobalSection
EndGlobal
